
Microsoft Visual Studio Solution File, Format Version 12.00
# Visual Studio 15
VisualStudioVersion = 15.0.27130.2027
MinimumVisualStudioVersion = 10.0.40219.1
Project("{FAE04EC0-301F-11D3-BF4B-00C04F79EFBC}") = "BlueDragon", "BlueDragon\BlueDragon.csproj", "{979980D2-0039-4693-A81B-40B65C7B4645}"
EndProject
Global
	GlobalSection(SolutionConfigurationPlatforms) = preSolution
		Debug|Any CPU = Debug|Any CPU
		Release|Any CPU = Release|Any CPU
	EndGlobalSection
	GlobalSection(ProjectConfigurationPlatforms) = postSolution
		{979980D2-0039-4693-A81B-40B65C7B4645}.Debug|Any CPU.ActiveCfg = Debug|Any CPU
		{979980D2-0039-4693-A81B-40B65C7B4645}.Debug|Any CPU.Build.0 = Debug|Any CPU
		{979980D2-0039-4693-A81B-40B65C7B4645}.Release|Any CPU.ActiveCfg = Release|Any CPU
		{979980D2-0039-4693-A81B-40B65C7B4645}.Release|Any CPU.Build.0 = Release|Any CPU
	EndGlobalSection
	GlobalSection(SolutionProperties) = preSolution
		HideSolutionNode = FALSE
	EndGlobalSection
	GlobalSection(ExtensibilityGlobals) = postSolution
		SolutionGuid = {C5F57398-3C06-4E7E-8D08-DA3C128C2FF0}
	EndGlobalSection
EndGlobal
